# Run ./gradlew writeVersionsLocks to regenerate this file
com.fasterxml.jackson:jackson-bom:2.17.2 (10 constraints: 9ed8daab)
com.fasterxml.jackson.core:jackson-annotations:2.17.2 (10 constraints: 20b7827a)
com.fasterxml.jackson.core:jackson-core:2.17.2 (14 constraints: 072fa0f6)
com.fasterxml.jackson.core:jackson-databind:2.17.2 (20 constraints: cb8d15bd)
com.fasterxml.jackson.dataformat:jackson-dataformat-cbor:2.17.2 (3 constraints: fe43e8ce)
com.fasterxml.jackson.dataformat:jackson-dataformat-smile:2.17.2 (2 constraints: 3d2b9d88)
com.fasterxml.jackson.dataformat:jackson-dataformat-yaml:2.17.2 (1 constraints: bc0eb166)
com.fasterxml.jackson.datatype:jackson-datatype-guava:2.17.2 (2 constraints: 3d2b9d88)
com.fasterxml.jackson.datatype:jackson-datatype-jdk8:2.17.2 (2 constraints: 3d2b9d88)
com.fasterxml.jackson.datatype:jackson-datatype-joda:2.17.2 (2 constraints: 3d2b9d88)
com.fasterxml.jackson.datatype:jackson-datatype-jsr310:2.17.2 (2 constraints: 3d2b9d88)
com.github.ben-manes.caffeine:caffeine:3.1.8 (5 constraints: 7b6333b4)
com.google.code.findbugs:jsr305:3.0.2 (21 constraints: 7084fc5a)
com.google.errorprone:error_prone_annotations:2.28.0 (24 constraints: 20a9963b)
com.google.guava:failureaccess:1.0.2 (1 constraints: 150ae2b4)
com.google.guava:guava:33.3.0-jre (24 constraints: ecd740fd)
com.google.guava:listenablefuture:9999.0-empty-to-avoid-conflict-with-guava (1 constraints: bd17c918)
com.palantir.conjure.java:conjure-java-undertow-runtime:8.26.0 (1 constraints: 4205693b)
com.palantir.conjure.java:conjure-lib:8.26.0 (5 constraints: 96504335)
com.palantir.conjure.java:conjure-undertow-lib:8.26.0 (2 constraints: a61c70c7)
com.palantir.conjure.java.api:errors:2.53.0 (6 constraints: e47aa4fe)
com.palantir.conjure.java.api:ssl-config:2.53.0 (3 constraints: c1395f07)
com.palantir.conjure.java.runtime:conjure-java-jackson-optimizations:8.13.0 (1 constraints: 821cbda4)
com.palantir.conjure.java.runtime:conjure-java-jackson-serialization:8.13.0 (3 constraints: d13f6839)
com.palantir.conjure.java.runtime:keystores:8.13.0 (2 constraints: 5b19f4dc)
com.palantir.ri:resource-identifier:2.7.0 (5 constraints: 735ade6e)
com.palantir.safe-logging:logger:3.7.0 (20 constraints: 456c5dfa)
com.palantir.safe-logging:logger-slf4j:3.7.0 (1 constraints: 050e6842)
com.palantir.safe-logging:logger-spi:3.7.0 (2 constraints: 191ea27b)
com.palantir.safe-logging:preconditions:3.7.0 (25 constraints: b9b79724)
com.palantir.safe-logging:safe-logging:3.7.0 (24 constraints: 14b18db5)
com.palantir.tokens:auth-tokens:3.18.0 (6 constraints: 376ea874)
com.palantir.tracing:tracing:6.18.0 (6 constraints: b86f6e38)
com.palantir.tracing:tracing-api:6.18.0 (5 constraints: 2b588edb)
com.palantir.tracing:tracing-undertow:6.18.0 (1 constraints: 68177d37)
com.palantir.tritium:tritium-ids:0.88.0 (1 constraints: d30fb896)
com.palantir.tritium:tritium-registry:0.90.0 (8 constraints: 77a121e7)
io.dropwizard.metrics:metrics-core:4.2.27 (8 constraints: 21a36a8c)
io.undertow:undertow-core:2.2.35.Final (3 constraints: ee41afbc)
javax.annotation:javax.annotation-api:1.3.2 (1 constraints: 0805fb35)
javax.ws.rs:javax.ws.rs-api:2.1.1 (1 constraints: 0605f935)
joda-time:joda-time:2.10.14 (1 constraints: 5b160f08)
org.checkerframework:checker-qual:3.43.0 (3 constraints: df31ec66)
org.eclipse.collections:eclipse-collections:11.1.0 (1 constraints: 1b108aa9)
org.eclipse.collections:eclipse-collections-api:11.1.0 (2 constraints: f8229c26)
org.immutables:value:2.10.1 (2 constraints: fc1456c1)
org.jboss.logging:jboss-logging:3.4.1.Final (3 constraints: f03036d7)
org.jboss.threads:jboss-threads:3.5.0.Final (3 constraints: b52a2fe5)
org.jboss.xnio:xnio-api:3.8.16.Final (3 constraints: 5934d037)
org.jboss.xnio:xnio-nio:3.8.16.Final (1 constraints: f80dc53d)
org.jetbrains:annotations:24.1.0 (3 constraints: 32262498)
org.slf4j:slf4j-api:1.7.36 (7 constraints: 2576134b)
org.wildfly.client:wildfly-client-config:1.0.1.Final (1 constraints: 940c6308)
org.wildfly.common:wildfly-common:1.7.0.Final (3 constraints: 203237d9)
org.yaml:snakeyaml:2.2 (1 constraints: 3c178b10)

[Test dependencies]
com.netflix.feign:feign-core:8.18.0 (2 constraints: 96266a97)
com.netflix.feign:feign-jackson:8.18.0 (1 constraints: c718909e)
com.palantir.conjure.java.api:service-config:2.53.0 (4 constraints: 4350391a)
com.palantir.conjure.java.api:test-utils:2.53.0 (1 constraints: 3c05483b)
com.palantir.conjure.java.runtime:client-config:8.13.0 (4 constraints: ad552017)
com.palantir.conjure.java.runtime:conjure-java-annotations:8.13.0 (1 constraints: c218819e)
com.palantir.conjure.java.runtime:conjure-java-jaxrs-client:8.13.0 (1 constraints: 3e055c3b)
com.palantir.conjure.java.runtime:conjure-java-legacy-clients:8.13.0 (1 constraints: c218819e)
com.palantir.conjure.java.runtime:refresh-utils:8.13.0 (1 constraints: c218819e)
com.palantir.dialogue:dialogue-apache-hc5-client:3.137.0 (1 constraints: f41867b7)
com.palantir.dialogue:dialogue-blocking-channels:3.137.0 (2 constraints: 3b2490f4)
com.palantir.dialogue:dialogue-core:3.137.0 (2 constraints: 252d9e0e)
com.palantir.dialogue:dialogue-futures:3.137.0 (3 constraints: 6134a245)
com.palantir.dialogue:dialogue-serde:3.137.0 (1 constraints: f41867b7)
com.palantir.dialogue:dialogue-target:3.137.0 (5 constraints: 85613523)
com.palantir.nylon:nylon-threads:0.4.0 (1 constraints: 0c10fa91)
com.palantir.refreshable:refreshable:2.5.0 (2 constraints: 21239245)
com.palantir.safethreadlocalrandom:safe-thread-local-random:0.1.0 (3 constraints: 933225f9)
com.palantir.tritium:tritium-api:0.88.0 (2 constraints: 411f7abe)
com.palantir.tritium:tritium-core:0.88.0 (1 constraints: 481060a2)
com.palantir.tritium:tritium-metrics:0.88.0 (4 constraints: da47b5e8)
net.bytebuddy:byte-buddy:1.14.18 (2 constraints: fa16ba67)
org.apache.httpcomponents.client5:httpclient5:5.3.1 (1 constraints: cd13996e)
org.apache.httpcomponents.core5:httpcore5:5.2.4 (3 constraints: 6639870e)
org.apache.httpcomponents.core5:httpcore5-h2:5.2.4 (1 constraints: 3f130d3c)
org.assertj:assertj-core:3.26.3 (2 constraints: 90166e22)
org.hdrhistogram:HdrHistogram:2.1.12 (1 constraints: 3e103aa2)
org.junit:junit-bom:5.11.0 (6 constraints: 4263efbe)
org.junit.jupiter:junit-jupiter:5.11.0 (2 constraints: 760e6371)
org.junit.jupiter:junit-jupiter-api:5.11.0 (4 constraints: 2b3929e1)
org.junit.jupiter:junit-jupiter-engine:5.11.0 (2 constraints: 71179b63)
org.junit.jupiter:junit-jupiter-params:5.11.0 (2 constraints: 71179b63)
org.junit.platform:junit-platform-commons:1.11.0 (3 constraints: 662a548e)
org.junit.platform:junit-platform-engine:1.11.0 (2 constraints: 0c1a641e)
org.jvnet:animal-sniffer-annotation:1.0 (1 constraints: f20b95eb)
org.mockito:mockito-core:5.12.0 (1 constraints: 4c11b0e0)
org.mpierce.metrics.reservoir:hdrhistogram-metrics-reservoir:1.1.3 (1 constraints: 0d10f991)
org.objenesis:objenesis:3.3 (1 constraints: b20a14bd)
org.opentest4j:opentest4j:1.3.0 (2 constraints: cf209249)
