# Run ./gradlew writeVersionsLocks to regenerate this file. Blank lines are to minimize merge conflicts.

com.fasterxml.jackson.core:jackson-annotations:2.21 (12 constraints: f1d660c7)

com.fasterxml.jackson.core:jackson-core:2.21.0 (13 constraints: f31f848a)

com.fasterxml.jackson.core:jackson-databind:2.21.0 (18 constraints: 65791b71)

com.fasterxml.jackson.dataformat:jackson-dataformat-cbor:2.21.0 (2 constraints: 35354cf0)

com.fasterxml.jackson.dataformat:jackson-dataformat-smile:2.21.0 (1 constraints: 7b1c97a4)

com.fasterxml.jackson.dataformat:jackson-dataformat-yaml:2.21.0 (1 constraints: 3705363b)

com.fasterxml.jackson.datatype:jackson-datatype-guava:2.21.0 (1 constraints: 7b1c97a4)

com.fasterxml.jackson.datatype:jackson-datatype-jdk8:2.21.0 (1 constraints: 7b1c97a4)

com.fasterxml.jackson.datatype:jackson-datatype-joda:2.21.0 (1 constraints: 7b1c97a4)

com.fasterxml.jackson.datatype:jackson-datatype-jsr310:2.21.0 (1 constraints: 7b1c97a4)

com.github.ben-manes.caffeine:caffeine:3.2.2 (5 constraints: 6263a6aa)

com.google.code.findbugs:jsr305:3.0.2 (13 constraints: 320a6f07)

com.google.errorprone:error_prone_annotations:2.41.0 (25 constraints: e8b83316)

com.google.guava:failureaccess:1.0.3 (1 constraints: 160ae3b4)

com.google.guava:guava:33.5.0-jre (25 constraints: 1beddbf6)

com.google.guava:listenablefuture:9999.0-empty-to-avoid-conflict-with-guava (1 constraints: bd17c918)

com.google.j2objc:j2objc-annotations:3.1 (1 constraints: b809f1a0)

com.palantir.conjure.java:conjure-java-undertow-runtime:8.69.0 (1 constraints: 4905823b)

com.palantir.conjure.java:conjure-lib:8.69.0 (6 constraints: 446d240a)

com.palantir.conjure.java:conjure-undertow-lib:8.69.0 (2 constraints: ad1c89c7)

com.palantir.conjure.java.api:errors:2.69.0 (9 constraints: edae1b54)

com.palantir.conjure.java.api:ssl-config:2.69.0 (3 constraints: d639160c)

com.palantir.conjure.java.runtime:conjure-java-jackson-optimizations:8.31.0 (1 constraints: 821cbfa4)

com.palantir.conjure.java.runtime:conjure-java-jackson-serialization:8.31.0 (3 constraints: fb3f9e63)

com.palantir.conjure.java.runtime:keystores:8.31.0 (2 constraints: 5b19f8dc)

com.palantir.deadlines:deadlines:0.17.0 (2 constraints: ca2690d9)

com.palantir.nylon:nylon-threads:0.6.0 (1 constraints: 0e100092)

com.palantir.ri:resource-identifier:2.12.0 (5 constraints: 4f5bc2e0)

com.palantir.safe-logging:logger:3.11.0 (21 constraints: 297d7eec)

com.palantir.safe-logging:logger-slf4j:3.11.0 (1 constraints: 300e8a50)

com.palantir.safe-logging:logger-spi:3.11.0 (2 constraints: 6f1e0ab0)

com.palantir.safe-logging:preconditions:3.11.0 (27 constraints: d8d80f0e)

com.palantir.safe-logging:safe-logging:3.11.0 (25 constraints: c6c23d7b)

com.palantir.tokens:auth-tokens:3.21.0 (6 constraints: 136eea62)

com.palantir.tracing:tracing:6.30.0 (7 constraints: ee7d8c8e)

com.palantir.tracing:tracing-api:6.30.0 (5 constraints: 0d58b2d0)

com.palantir.tracing:tracing-undertow:6.30.0 (1 constraints: 62176d37)

com.palantir.tritium:tritium-api:0.124.0 (2 constraints: 8f1fe4f3)

com.palantir.tritium:tritium-core:0.124.0 (1 constraints: 6f10abb2)

com.palantir.tritium:tritium-ids:0.124.0 (1 constraints: fa0f8ea6)

com.palantir.tritium:tritium-metrics:0.124.0 (4 constraints: f2466f76)

com.palantir.tritium:tritium-registry:0.124.0 (8 constraints: 40a1862a)

io.dropwizard.metrics:metrics-core:4.2.38 (8 constraints: b4a1b8f2)

io.smallrye.common:smallrye-common-annotation:2.14.0 (1 constraints: f20d0944)

io.smallrye.common:smallrye-common-constraint:2.14.0 (4 constraints: e841a41c)

io.smallrye.common:smallrye-common-cpu:2.14.0 (2 constraints: a21c34e8)

io.smallrye.common:smallrye-common-expression:2.4.0 (1 constraints: b10e835a)

io.smallrye.common:smallrye-common-function:2.14.0 (2 constraints: 8b21dfa9)

io.smallrye.common:smallrye-common-net:2.4.0 (1 constraints: b10e835a)

io.smallrye.common:smallrye-common-os:2.4.0 (1 constraints: b10e835a)

io.smallrye.common:smallrye-common-ref:2.4.0 (1 constraints: b10e835a)

io.undertow:undertow-core:2.2.38.Final (3 constraints: f441d1be)

javax.annotation:javax.annotation-api:1.3.2 (1 constraints: 0805fb35)

javax.ws.rs:javax.ws.rs-api:2.1.1 (1 constraints: 0605f935)

joda-time:joda-time:2.12.7 (1 constraints: 2f16b1f1)

org.checkerframework:checker-qual:3.49.1 (1 constraints: 6a177b37)

org.eclipse.collections:eclipse-collections:13.0.0 (1 constraints: 1c1091a9)

org.eclipse.collections:eclipse-collections-api:13.0.0 (2 constraints: fa22df26)

org.hdrhistogram:HdrHistogram:2.2.2 (1 constraints: 0e100092)

org.immutables:value:2.12.1 (2 constraints: 0015bec1)

org.jboss.logging:jboss-logging:3.6.1.Final (7 constraints: c283b7cb)

org.jboss.threads:jboss-threads:3.9.2 (3 constraints: a8285de8)

org.jboss.xnio:xnio-api:3.8.16.Final (3 constraints: 5934d037)

org.jboss.xnio:xnio-nio:3.8.16.Final (1 constraints: f80dc53d)

org.jetbrains:annotations:26.0.2 (3 constraints: 3826c998)

org.jspecify:jspecify:1.0.0 (19 constraints: ce345bc3)

org.mpierce.metrics.reservoir:hdrhistogram-metrics-reservoir:1.1.3 (1 constraints: 0d10f991)

org.slf4j:slf4j-api:2.0.17 (7 constraints: 09767d37)

org.wildfly.client:wildfly-client-config:1.0.1.Final (1 constraints: 940c6308)

org.wildfly.common:wildfly-common:2.0.1 (3 constraints: e82d018d)

org.yaml:snakeyaml:2.4 (1 constraints: 3e178d10)



[Test dependencies]

com.netflix.feign:feign-core:8.18.0 (2 constraints: 96266a97)

com.netflix.feign:feign-jackson:8.18.0 (1 constraints: c718909e)

com.palantir.conjure.java.api:service-config:2.69.0 (4 constraints: 5d501e23)

com.palantir.conjure.java.api:test-utils:2.69.0 (1 constraints: 43055e3b)

com.palantir.conjure.java.runtime:client-config:8.31.0 (4 constraints: ad552817)

com.palantir.conjure.java.runtime:conjure-java-annotations:8.31.0 (1 constraints: c218839e)

com.palantir.conjure.java.runtime:conjure-java-jaxrs-client:8.31.0 (1 constraints: 3e055e3b)

com.palantir.conjure.java.runtime:conjure-java-legacy-clients:8.31.0 (1 constraints: c218839e)

com.palantir.conjure.java.runtime:refresh-utils:8.31.0 (1 constraints: c218839e)

com.palantir.dialogue:dialogue-apache-hc5-client:6.19.0 (1 constraints: c618879e)

com.palantir.dialogue:dialogue-blocking-channels:6.19.0 (2 constraints: df2307b4)

com.palantir.dialogue:dialogue-core:6.19.0 (2 constraints: c92c32be)

com.palantir.dialogue:dialogue-futures:6.19.0 (3 constraints: d733bfbf)

com.palantir.dialogue:dialogue-serde:6.19.0 (1 constraints: c618879e)

com.palantir.dialogue:dialogue-target:6.19.0 (5 constraints: 9f60ee8f)

com.palantir.refreshable:refreshable:2.9.0 (2 constraints: 29235a46)

com.palantir.safethreadlocalrandom:safe-thread-local-random:0.4.0 (1 constraints: 360fad76)

net.bytebuddy:byte-buddy:1.18.3 (2 constraints: 9c16b43e)

org.apache.httpcomponents.client5:httpclient5:5.6 (1 constraints: 71133347)

org.apache.httpcomponents.core5:httpcore5:5.4 (3 constraints: 4638c7ec)

org.apache.httpcomponents.core5:httpcore5-h2:5.4 (1 constraints: df12c515)

org.apiguardian:apiguardian-api:1.1.2 (6 constraints: 5366ce6e)

org.assertj:assertj-core:3.27.7 (2 constraints: 9b167923)

org.junit.jupiter:junit-jupiter:6.0.2 (1 constraints: 49070b70)

org.junit.jupiter:junit-jupiter-api:6.0.2 (3 constraints: 612f63d9)

org.junit.jupiter:junit-jupiter-engine:6.0.2 (1 constraints: 050ecc3b)

org.junit.jupiter:junit-jupiter-params:6.0.2 (1 constraints: 050ecc3b)

org.junit.platform:junit-platform-commons:6.0.2 (2 constraints: d7207a4a)

org.junit.platform:junit-platform-engine:6.0.2 (2 constraints: ef221108)

org.junit.platform:junit-platform-launcher:6.0.2 (1 constraints: 0a050b36)

org.jvnet:animal-sniffer-annotation:1.0 (1 constraints: f20b95eb)

org.mockito:mockito-core:5.21.0 (1 constraints: 4c11b1e0)

org.objenesis:objenesis:3.3 (1 constraints: b20a14bd)

org.opentest4j:opentest4j:1.3.0 (2 constraints: cf209249)
