# Run ./gradlew writeVersionsLocks to regenerate this file
com.fasterxml.jackson.core:jackson-annotations:2.19.2 (11 constraints: 81d6b86e)
com.fasterxml.jackson.core:jackson-core:2.19.2 (13 constraints: 66204033)
com.fasterxml.jackson.core:jackson-databind:2.19.2 (18 constraints: f779c28c)
com.fasterxml.jackson.dataformat:jackson-dataformat-cbor:2.19.2 (2 constraints: 4735e5f2)
com.fasterxml.jackson.dataformat:jackson-dataformat-smile:2.19.2 (1 constraints: 841cada4)
com.fasterxml.jackson.dataformat:jackson-dataformat-yaml:2.19.2 (1 constraints: 40054c3b)
com.fasterxml.jackson.datatype:jackson-datatype-guava:2.19.2 (1 constraints: 841cada4)
com.fasterxml.jackson.datatype:jackson-datatype-jdk8:2.19.2 (1 constraints: 841cada4)
com.fasterxml.jackson.datatype:jackson-datatype-joda:2.19.2 (1 constraints: 841cada4)
com.fasterxml.jackson.datatype:jackson-datatype-jsr310:2.19.2 (1 constraints: 841cada4)
com.github.ben-manes.caffeine:caffeine:3.2.2 (5 constraints: 6263a6aa)
com.google.code.findbugs:jsr305:3.0.2 (13 constraints: 320a6f07)
com.google.errorprone:error_prone_annotations:2.40.0 (25 constraints: 84b725c4)
com.google.guava:failureaccess:1.0.3 (1 constraints: 160ae3b4)
com.google.guava:guava:33.4.8-jre (25 constraints: bbed2788)
com.google.guava:listenablefuture:9999.0-empty-to-avoid-conflict-with-guava (1 constraints: bd17c918)
com.google.j2objc:j2objc-annotations:3.0.0 (1 constraints: 150aeab4)
com.palantir.conjure.java:conjure-java-undertow-runtime:8.50.0 (1 constraints: 3f05633b)
com.palantir.conjure.java:conjure-lib:8.50.0 (6 constraints: 126d76f4)
com.palantir.conjure.java:conjure-undertow-lib:8.50.0 (2 constraints: a31c6ac7)
com.palantir.conjure.java.api:errors:2.62.0 (7 constraints: 4b8a1418)
com.palantir.conjure.java.api:ssl-config:2.62.0 (3 constraints: c1396207)
com.palantir.conjure.java.runtime:conjure-java-jackson-optimizations:8.23.0 (1 constraints: 831cc1a4)
com.palantir.conjure.java.runtime:conjure-java-jackson-serialization:8.23.0 (3 constraints: 02401c66)
com.palantir.conjure.java.runtime:keystores:8.23.0 (2 constraints: 5d1935dd)
com.palantir.deadlines:deadlines:0.15.0 (2 constraints: 9826beb9)
com.palantir.nylon:nylon-threads:0.4.0 (1 constraints: 0c10fa91)
com.palantir.ri:resource-identifier:2.9.0 (5 constraints: 7a5afc70)
com.palantir.safe-logging:logger:3.9.0 (21 constraints: 907a215b)
com.palantir.safe-logging:logger-slf4j:3.9.0 (1 constraints: 070e6e42)
com.palantir.safe-logging:logger-spi:3.9.0 (2 constraints: 1d1e0c7c)
com.palantir.safe-logging:preconditions:3.9.0 (27 constraints: 73d5ab08)
com.palantir.safe-logging:safe-logging:3.9.0 (25 constraints: 68bf913b)
com.palantir.tokens:auth-tokens:3.18.0 (6 constraints: 376ea874)
com.palantir.tracing:tracing:6.24.0 (7 constraints: f57d338f)
com.palantir.tracing:tracing-api:6.24.0 (5 constraints: 1658dad3)
com.palantir.tracing:tracing-undertow:6.21.0 (1 constraints: 62176c37)
com.palantir.tritium:tritium-api:0.102.0 (2 constraints: 871f0cf3)
com.palantir.tritium:tritium-core:0.102.0 (1 constraints: 6b109db2)
com.palantir.tritium:tritium-ids:0.102.0 (1 constraints: f60f80a6)
com.palantir.tritium:tritium-metrics:0.102.0 (4 constraints: e4469972)
com.palantir.tritium:tritium-registry:0.103.0 (9 constraints: 23b15244)
io.dropwizard.metrics:metrics-core:4.2.33 (8 constraints: 8da102d8)
io.undertow:undertow-core:2.2.37.Final (3 constraints: f2411bbe)
javax.annotation:javax.annotation-api:1.3.2 (1 constraints: 0805fb35)
javax.ws.rs:javax.ws.rs-api:2.1.1 (1 constraints: 0605f935)
joda-time:joda-time:2.12.7 (1 constraints: 2f16b1f1)
org.checkerframework:checker-qual:3.49.1 (1 constraints: 6a177b37)
org.eclipse.collections:eclipse-collections:11.1.0 (1 constraints: 1b108aa9)
org.eclipse.collections:eclipse-collections-api:11.1.0 (2 constraints: f8229c26)
org.hdrhistogram:HdrHistogram:2.2.2 (1 constraints: 0e100092)
org.immutables:value:2.11.2 (2 constraints: ff14b9c1)
org.jboss.logging:jboss-logging:3.4.1.Final (3 constraints: f03036d7)
org.jboss.threads:jboss-threads:3.5.0.Final (3 constraints: b52a2fe5)
org.jboss.xnio:xnio-api:3.8.16.Final (3 constraints: 5934d037)
org.jboss.xnio:xnio-nio:3.8.16.Final (1 constraints: f80dc53d)
org.jetbrains:annotations:26.0.2 (3 constraints: 3826c998)
org.jspecify:jspecify:1.0.0 (12 constraints: 24bf7cd3)
org.mpierce.metrics.reservoir:hdrhistogram-metrics-reservoir:1.1.3 (1 constraints: 0d10f991)
org.slf4j:slf4j-api:2.0.17 (7 constraints: 1776b540)
org.wildfly.client:wildfly-client-config:1.0.1.Final (1 constraints: 940c6308)
org.wildfly.common:wildfly-common:1.7.0.Final (3 constraints: 203237d9)
org.yaml:snakeyaml:2.4 (1 constraints: 3e178d10)

[Test dependencies]
com.netflix.feign:feign-core:8.18.0 (2 constraints: 96266a97)
com.netflix.feign:feign-jackson:8.18.0 (1 constraints: c718909e)
com.palantir.conjure.java.api:service-config:2.62.0 (4 constraints: 43503d1a)
com.palantir.conjure.java.api:test-utils:2.62.0 (1 constraints: 3c05493b)
com.palantir.conjure.java.runtime:client-config:8.23.0 (4 constraints: b1557218)
com.palantir.conjure.java.runtime:conjure-java-annotations:8.23.0 (1 constraints: c318859e)
com.palantir.conjure.java.runtime:conjure-java-jaxrs-client:8.23.0 (1 constraints: 3f05603b)
com.palantir.conjure.java.runtime:conjure-java-legacy-clients:8.23.0 (1 constraints: c318859e)
com.palantir.conjure.java.runtime:refresh-utils:8.23.0 (1 constraints: c318859e)
com.palantir.dialogue:dialogue-apache-hc5-client:6.4.0 (1 constraints: 9018b685)
com.palantir.dialogue:dialogue-blocking-channels:6.4.0 (2 constraints: 73239072)
com.palantir.dialogue:dialogue-core:6.4.0 (2 constraints: 5d2c876c)
com.palantir.dialogue:dialogue-futures:6.4.0 (3 constraints: 3533fc36)
com.palantir.dialogue:dialogue-serde:6.4.0 (1 constraints: 9018b685)
com.palantir.dialogue:dialogue-target:6.4.0 (5 constraints: 915f72f1)
com.palantir.refreshable:refreshable:2.7.0 (2 constraints: 2523f645)
com.palantir.safethreadlocalrandom:safe-thread-local-random:0.3.0 (1 constraints: 350faa76)
net.bytebuddy:byte-buddy:1.17.5 (2 constraints: c616fe4f)
org.apache.httpcomponents.client5:httpclient5:5.3.1 (1 constraints: cd13996e)
org.apache.httpcomponents.core5:httpcore5:5.3.4 (3 constraints: 6739f50e)
org.apache.httpcomponents.core5:httpcore5-h2:5.2.4 (1 constraints: 3f130d3c)
org.apiguardian:apiguardian-api:1.1.2 (6 constraints: 5366ce6e)
org.assertj:assertj-core:3.27.4 (2 constraints: 9416dc22)
org.junit.jupiter:junit-jupiter:5.13.4 (1 constraints: 7e074077)
org.junit.jupiter:junit-jupiter-api:5.13.4 (3 constraints: 0030ff53)
org.junit.jupiter:junit-jupiter-engine:5.13.4 (1 constraints: 3a0e0a4a)
org.junit.jupiter:junit-jupiter-params:5.13.4 (1 constraints: 3a0e0a4a)
org.junit.platform:junit-platform-commons:1.13.4 (2 constraints: 39219184)
org.junit.platform:junit-platform-engine:1.13.4 (2 constraints: 5123de45)
org.junit.platform:junit-platform-launcher:1.13.4 (1 constraints: 3b05363b)
org.jvnet:animal-sniffer-annotation:1.0 (1 constraints: f20b95eb)
org.mockito:mockito-core:5.18.0 (1 constraints: 5211c2e0)
org.objenesis:objenesis:3.3 (1 constraints: b20a14bd)
org.opentest4j:opentest4j:1.3.0 (2 constraints: cf209249)
