# Danger! Multiple jars contain identically named classes. This may cause different behaviour depending on classpath ordering.
# Run ./gradlew checkClassUniqueness --write-locks to update this file

## runtimeClasspath
[jakarta.annotation:jakarta.annotation-api, javax.annotation:javax.annotation-api]
  - javax.annotation.Generated
  - javax.annotation.ManagedBean
  - javax.annotation.PostConstruct
  - javax.annotation.PreDestroy
  - javax.annotation.Priority
  - javax.annotation.Resource
  - javax.annotation.Resource$AuthenticationType
  - javax.annotation.Resources
  - javax.annotation.security.DeclareRoles
  - javax.annotation.security.DenyAll
  - javax.annotation.security.PermitAll
  - javax.annotation.security.RolesAllowed
  - javax.annotation.security.RunAs
  - javax.annotation.sql.DataSourceDefinition
  - javax.annotation.sql.DataSourceDefinitions
[jakarta.ws.rs:jakarta.ws.rs-api, javax.ws.rs:javax.ws.rs-api]
  - javax.ws.rs.BadRequestException
  - javax.ws.rs.ClientErrorException
  - javax.ws.rs.ForbiddenException
  - javax.ws.rs.InternalServerErrorException
  - javax.ws.rs.NotAcceptableException
  - javax.ws.rs.NotAllowedException
  - javax.ws.rs.NotAuthorizedException
  - javax.ws.rs.NotFoundException
  - javax.ws.rs.NotSupportedException
  - javax.ws.rs.Priorities
  - javax.ws.rs.ProcessingException
  - javax.ws.rs.RedirectionException
  - javax.ws.rs.RuntimeType
  - javax.ws.rs.ServerErrorException
  - javax.ws.rs.ServiceUnavailableException
  - javax.ws.rs.WebApplicationException
  - javax.ws.rs.client.ClientBuilder
  - javax.ws.rs.client.CompletionStageRxInvoker
  - javax.ws.rs.client.Entity
  - javax.ws.rs.client.FactoryFinder
  - javax.ws.rs.client.ResponseProcessingException
  - javax.ws.rs.core.AbstractMultivaluedMap
  - javax.ws.rs.core.Application
  - javax.ws.rs.core.CacheControl
  - javax.ws.rs.core.Cookie
  - javax.ws.rs.core.EntityTag
  - javax.ws.rs.core.Form
  - javax.ws.rs.core.Form$1
  - javax.ws.rs.core.GenericEntity
  - javax.ws.rs.core.GenericType
  - javax.ws.rs.core.Link
  - javax.ws.rs.core.Link$JaxbAdapter
  - javax.ws.rs.core.Link$JaxbLink
  - javax.ws.rs.core.MediaType
  - javax.ws.rs.core.MediaType$1
  - javax.ws.rs.core.MediaType$2
  - javax.ws.rs.core.MultivaluedHashMap
  - javax.ws.rs.core.NewCookie
  - javax.ws.rs.core.NoContentException
  - javax.ws.rs.core.Response
  - javax.ws.rs.core.Response$ResponseBuilder
  - javax.ws.rs.core.Response$Status
  - javax.ws.rs.core.Response$Status$Family
  - javax.ws.rs.core.Response$StatusType
  - javax.ws.rs.core.UriBuilder
  - javax.ws.rs.core.UriBuilderException
  - javax.ws.rs.core.Variant
  - javax.ws.rs.core.Variant$VariantListBuilder
  - javax.ws.rs.ext.FactoryFinder
  - javax.ws.rs.ext.MessageBodyWriter
  - javax.ws.rs.ext.RuntimeDelegate
  - javax.ws.rs.sse.FactoryFinder
  - javax.ws.rs.sse.Sse
  - javax.ws.rs.sse.SseEventSource
  - javax.ws.rs.sse.SseEventSource$Builder
[javax.el:javax.el-api, org.glassfish:javax.el]
  - javax.el.ArrayELResolver
  - javax.el.BeanELResolver
  - javax.el.BeanELResolver$1
  - javax.el.BeanELResolver$BPSoftReference
  - javax.el.BeanELResolver$BeanProperties
  - javax.el.BeanELResolver$BeanProperty
  - javax.el.BeanELResolver$SoftConcurrentHashMap
  - javax.el.CompositeELResolver
  - javax.el.CompositeELResolver$CompositeIterator
  - javax.el.ELContext
  - javax.el.ELContextEvent
  - javax.el.ELContextListener
  - javax.el.ELException
  - javax.el.ELResolver
  - javax.el.ELUtil
  - javax.el.ELUtil$1
  - javax.el.Expression
  - javax.el.ExpressionFactory
  - javax.el.FactoryFinder
  - javax.el.FunctionMapper
  - javax.el.ListELResolver
  - javax.el.MapELResolver
  - javax.el.MethodExpression
  - javax.el.MethodInfo
  - javax.el.MethodNotFoundException
  - javax.el.PropertyNotFoundException
  - javax.el.PropertyNotWritableException
  - javax.el.ResourceBundleELResolver
  - javax.el.ValueExpression
  - javax.el.ValueReference
  - javax.el.VariableMapper
[javax.inject:javax.inject, org.glassfish.hk2.external:javax.inject]
  - javax.inject.Inject
  - javax.inject.Named
  - javax.inject.Provider
  - javax.inject.Qualifier
  - javax.inject.Scope
  - javax.inject.Singleton
[org.glassfish.web:javax.el, org.glassfish:javax.el]
  - com.sun.el.ExpressionFactoryImpl
  - com.sun.el.MethodExpressionImpl
  - com.sun.el.MethodExpressionLiteral
  - com.sun.el.ValueExpressionImpl
  - com.sun.el.ValueExpressionLiteral
  - com.sun.el.lang.ELArithmetic
  - com.sun.el.lang.ELArithmetic$BigDecimalDelegate
  - com.sun.el.lang.ELArithmetic$BigIntegerDelegate
  - com.sun.el.lang.ELArithmetic$DoubleDelegate
  - com.sun.el.lang.ELArithmetic$LongDelegate
  - com.sun.el.lang.ELSupport
  - com.sun.el.lang.EvaluationContext
  - com.sun.el.lang.ExpressionBuilder
  - com.sun.el.lang.ExpressionBuilder$1
  - com.sun.el.lang.ExpressionBuilder$NodeSoftReference
  - com.sun.el.lang.ExpressionBuilder$SoftConcurrentHashMap
  - com.sun.el.lang.FunctionMapperFactory
  - com.sun.el.lang.FunctionMapperImpl
  - com.sun.el.lang.FunctionMapperImpl$Function
  - com.sun.el.lang.VariableMapperFactory
  - com.sun.el.lang.VariableMapperImpl
  - com.sun.el.parser.ArithmeticNode
  - com.sun.el.parser.AstAnd
  - com.sun.el.parser.AstBracketSuffix
  - com.sun.el.parser.AstChoice
  - com.sun.el.parser.AstCompositeExpression
  - com.sun.el.parser.AstDeferredExpression
  - com.sun.el.parser.AstDiv
  - com.sun.el.parser.AstDotSuffix
  - com.sun.el.parser.AstDynamicExpression
  - com.sun.el.parser.AstEmpty
  - com.sun.el.parser.AstEqual
  - com.sun.el.parser.AstFalse
  - com.sun.el.parser.AstFloatingPoint
  - com.sun.el.parser.AstFunction
  - com.sun.el.parser.AstGreaterThan
  - com.sun.el.parser.AstGreaterThanEqual
  - com.sun.el.parser.AstIdentifier
  - com.sun.el.parser.AstInteger
  - com.sun.el.parser.AstLessThan
  - com.sun.el.parser.AstLessThanEqual
  - com.sun.el.parser.AstLiteralExpression
  - com.sun.el.parser.AstMethodArguments
  - com.sun.el.parser.AstMinus
  - com.sun.el.parser.AstMod
  - com.sun.el.parser.AstMult
  - com.sun.el.parser.AstNegative
  - com.sun.el.parser.AstNot
  - com.sun.el.parser.AstNotEqual
  - com.sun.el.parser.AstNull
  - com.sun.el.parser.AstOr
  - com.sun.el.parser.AstPlus
  - com.sun.el.parser.AstString
  - com.sun.el.parser.AstTrue
  - com.sun.el.parser.AstValue
  - com.sun.el.parser.AstValue$Target
  - com.sun.el.parser.BooleanNode
  - com.sun.el.parser.ELParser
  - com.sun.el.parser.ELParser$1
  - com.sun.el.parser.ELParser$JJCalls
  - com.sun.el.parser.ELParser$LookaheadSuccess
  - com.sun.el.parser.ELParserConstants
  - com.sun.el.parser.ELParserTokenManager
  - com.sun.el.parser.ELParserTreeConstants
  - com.sun.el.parser.JJTELParserState
  - com.sun.el.parser.Node
  - com.sun.el.parser.NodeVisitor
  - com.sun.el.parser.ParseException
  - com.sun.el.parser.SimpleCharStream
  - com.sun.el.parser.SimpleNode
  - com.sun.el.parser.Token
  - com.sun.el.parser.TokenMgrError
  - com.sun.el.util.MessageFactory
  - com.sun.el.util.ReflectionUtil
